// !$*UTF8*$!
{
	archiveVersion = 1;
	classes = {
	};
	objectVersion = 55;
	objects = {

/* Begin PBXBuildFile section */
		2BA55E022815C78700A0A451 /* SwiftUIColorizedAppApp.swift in Sources */ = {isa = PBXBuildFile; fileRef = 2BA55E012815C78700A0A451 /* SwiftUIColorizedAppApp.swift */; };
		2BA55E042815C78700A0A451 /* ContentView.swift in Sources */ = {isa = PBXBuildFile; fileRef = 2BA55E032815C78700A0A451 /* ContentView.swift */; };
		2BA55E062815C78900A0A451 /* Assets.xcassets in Resources */ = {isa = PBXBuildFile; fileRef = 2BA55E052815C78900A0A451 /* Assets.xcassets */; };
		2BA55E092815C78900A0A451 /* Preview Assets.xcassets in Resources */ = {isa = PBXBuildFile; fileRef = 2BA55E082815C78900A0A451 /* Preview Assets.xcassets */; };
		2BA55E122815F24D00A0A451 /* ColorizedRectangleView.swift in Sources */ = {isa = PBXBuildFile; fileRef = 2BA55E112815F24D00A0A451 /* ColorizedRectangleView.swift */; };
		2BA55E142815F52200A0A451 /* SliderView.swift in Sources */ = {isa = PBXBuildFile; fileRef = 2BA55E132815F52200A0A451 /* SliderView.swift */; };
		2BA55E162816004600A0A451 /* ColorValueText.swift in Sources */ = {isa = PBXBuildFile; fileRef = 2BA55E152816004600A0A451 /* ColorValueText.swift */; };
		2BA55E18281602FC00A0A451 /* ColorTextFieldView.swift in Sources */ = {isa = PBXBuildFile; fileRef = 2BA55E17281602FC00A0A451 /* ColorTextFieldView.swift */; };
/* End PBXBuildFile section */

/* Begin PBXFileReference section */
		2BA55DFE2815C78700A0A451 /* SwiftUIColorizedApp.app */ = {isa = PBXFileReference; explicitFileType = wrapper.application; includeInIndex = 0; path = SwiftUIColorizedApp.app; sourceTree = BUILT_PRODUCTS_DIR; };
		2BA55E012815C78700A0A451 /* SwiftUIColorizedAppApp.swift */ = {isa = PBXFileReference; lastKnownFileType = sourcecode.swift; path = SwiftUIColorizedAppApp.swift; sourceTree = "<group>"; };
		2BA55E032815C78700A0A451 /* ContentView.swift */ = {isa = PBXFileReference; lastKnownFileType = sourcecode.swift; path = ContentView.swift; sourceTree = "<group>"; };
		2BA55E052815C78900A0A451 /* Assets.xcassets */ = {isa = PBXFileReference; lastKnownFileType = folder.assetcatalog; path = Assets.xcassets; sourceTree = "<group>"; };
		2BA55E082815C78900A0A451 /* Preview Assets.xcassets */ = {isa = PBXFileReference; lastKnownFileType = folder.assetcatalog; path = "Preview Assets.xcassets"; sourceTree = "<group>"; };
		2BA55E112815F24D00A0A451 /* ColorizedRectangleView.swift */ = {isa = PBXFileReference; lastKnownFileType = sourcecode.swift; path = ColorizedRectangleView.swift; sourceTree = "<group>"; };
		2BA55E132815F52200A0A451 /* SliderView.swift */ = {isa = PBXFileReference; lastKnownFileType = sourcecode.swift; path = SliderView.swift; sourceTree = "<group>"; };
		2BA55E152816004600A0A451 /* ColorValueText.swift */ = {isa = PBXFileReference; lastKnownFileType = sourcecode.swift; path = ColorValueText.swift; sourceTree = "<group>"; };
		2BA55E17281602FC00A0A451 /* ColorTextFieldView.swift */ = {isa = PBXFileReference; lastKnownFileType = sourcecode.swift; path = ColorTextFieldView.swift; sourceTree = "<group>"; };
/* End PBXFileReference section */

/* Begin PBXFrameworksBuildPhase section */
		2BA55DFB2815C78700A0A451 /* Frameworks */ = {
			isa = PBXFrameworksBuildPhase;
			buildActionMask = 2147483647;
			files = (
			);
			runOnlyForDeploymentPostprocessing = 0;
		};
/* End PBXFrameworksBuildPhase section */

/* Begin PBXGroup section */
		2BA55DF52815C78700A0A451 = {
			isa = PBXGroup;
			children = (
				2BA55E002815C78700A0A451 /* SwiftUIColorizedApp */,
				2BA55DFF2815C78700A0A451 /* Products */,
			);
			sourceTree = "<group>";
		};
		2BA55DFF2815C78700A0A451 /* Products */ = {
			isa = PBXGroup;
			children = (
				2BA55DFE2815C78700A0A451 /* SwiftUIColorizedApp.app */,
			);
			name = Products;
			sourceTree = "<group>";
		};
		2BA55E002815C78700A0A451 /* SwiftUIColorizedApp */ = {
			isa = PBXGroup;
			children = (
				2BA55E012815C78700A0A451 /* SwiftUIColorizedAppApp.swift */,
				2BA55E032815C78700A0A451 /* ContentView.swift */,
				2BA55E17281602FC00A0A451 /* ColorTextFieldView.swift */,
				2BA55E152816004600A0A451 /* ColorValueText.swift */,
				2BA55E132815F52200A0A451 /* SliderView.swift */,
				2BA55E112815F24D00A0A451 /* ColorizedRectangleView.swift */,
				2BA55E052815C78900A0A451 /* Assets.xcassets */,
				2BA55E072815C78900A0A451 /* Preview Content */,
			);
			path = SwiftUIColorizedApp;
			sourceTree = "<group>";
		};
		2BA55E072815C78900A0A451 /* Preview Content */ = {
			isa = PBXGroup;
			children = (
				2BA55E082815C78900A0A451 /* Preview Assets.xcassets */,
			);
			path = "Preview Content";
			sourceTree = "<group>";
		};
/* End PBXGroup section */

/* Begin PBXNativeTarget section */
		2BA55DFD2815C78700A0A451 /* SwiftUIColorizedApp */ = {
			isa = PBXNativeTarget;
			buildConfigurationList = 2BA55E0C2815C78900A0A451 /* Build configuration list for PBXNativeTarget "SwiftUIColorizedApp" */;
			buildPhases = (
				2BA55DFA2815C78700A0A451 /* Sources */,
				2BA55DFB2815C78700A0A451 /* Frameworks */,
				2BA55DFC2815C78700A0A451 /* Resources */,
			);
			buildRules = (
			);
			dependencies = (
			);
			name = SwiftUIColorizedApp;
			productName = SwiftUIColorizedApp;
			productReference = 2BA55DFE2815C78700A0A451 /* SwiftUIColorizedApp.app */;
			productType = "com.apple.product-type.application";
		};
/* End PBXNativeTarget section */

/* Begin PBXProject section */
		2BA55DF62815C78700A0A451 /* Project object */ = {
			isa = PBXProject;
			attributes = {
				BuildIndependentTargetsInParallel = 1;
				LastSwiftUpdateCheck = 1330;
				LastUpgradeCheck = 1330;
				TargetAttributes = {
					2BA55DFD2815C78700A0A451 = {
						CreatedOnToolsVersion = 13.3;
					};
				};
			};
			buildConfigurationList = 2BA55DF92815C78700A0A451 /* Build configuration list for PBXProject "SwiftUIColorizedApp" */;
			compatibilityVersion = "Xcode 13.0";
			developmentRegion = en;
			hasScannedForEncodings = 0;
			knownRegions = (
				en,
				Base,
			);
			mainGroup = 2BA55DF52815C78700A0A451;
			productRefGroup = 2BA55DFF2815C78700A0A451 /* Products */;
			projectDirPath = "";
			projectRoot = "";
			targets = (
				2BA55DFD2815C78700A0A451 /* SwiftUIColorizedApp */,
			);
		};
/* End PBXProject section */

/* Begin PBXResourcesBuildPhase section */
		2BA55DFC2815C78700A0A451 /* Resources */ = {
			isa = PBXResourcesBuildPhase;
			buildActionMask = 2147483647;
			files = (
				2BA55E092815C78900A0A451 /* Preview Assets.xcassets in Resources */,
				2BA55E062815C78900A0A451 /* Assets.xcassets in Resources */,
			);
			runOnlyForDeploymentPostprocessing = 0;
		};
/* End PBXResourcesBuildPhase section */

/* Begin PBXSourcesBuildPhase section */
		2BA55DFA2815C78700A0A451 /* Sources */ = {
			isa = PBXSourcesBuildPhase;
			buildActionMask = 2147483647;
			files = (
				2BA55E18281602FC00A0A451 /* ColorTextFieldView.swift in Sources */,
				2BA55E122815F24D00A0A451 /* ColorizedRectangleView.swift in Sources */,
				2BA55E142815F52200A0A451 /* SliderView.swift in Sources */,
				2BA55E162816004600A0A451 /* ColorValueText.swift in Sources */,
				2BA55E042815C78700A0A451 /* ContentView.swift in Sources */,
				2BA55E022815C78700A0A451 /* SwiftUIColorizedAppApp.swift in Sources */,
			);
			runOnlyForDeploymentPostprocessing = 0;
		};
/* End PBXSourcesBuildPhase section */

/* Begin XCBuildConfiguration section */
		2BA55E0A2815C78900A0A451 /* Debug */ = {
			isa = XCBuildConfiguration;
			buildSettings = {
				ALWAYS_SEARCH_USER_PATHS = NO;
				CLANG_ANALYZER_NONNULL = YES;
				CLANG_ANALYZER_NUMBER_OBJECT_CONVERSION = YES_AGGRESSIVE;
				CLANG_CXX_LANGUAGE_STANDARD = "gnu++17";
				CLANG_ENABLE_MODULES = YES;
				CLANG_ENABLE_OBJC_ARC = YES;
				CLANG_ENABLE_OBJC_WEAK = YES;
				CLANG_WARN_BLOCK_CAPTURE_AUTORELEASING = YES;
				CLANG_WARN_BOOL_CONVERSION = YES;
				CLANG_WARN_COMMA = YES;
				CLANG_WARN_CONSTANT_CONVERSION = YES;
				CLANG_WARN_DEPRECATED_OBJC_IMPLEMENTATIONS = YES;
				CLANG_WARN_DIRECT_OBJC_ISA_USAGE = YES_ERROR;
				CLANG_WARN_DOCUMENTATION_COMMENTS = YES;
				CLANG_WARN_EMPTY_BODY = YES;
				CLANG_WARN_ENUM_CONVERSION = YES;
				CLANG_WARN_INFINITE_RECURSION = YES;
				CLANG_WARN_INT_CONVERSION = YES;
				CLANG_WARN_NON_LITERAL_NULL_CONVERSION = YES;
				CLANG_WARN_OBJC_IMPLICIT_RETAIN_SELF = YES;
				CLANG_WARN_OBJC_LITERAL_CONVERSION = YES;
				CLANG_WARN_OBJC_ROOT_CLASS = YES_ERROR;
				CLANG_WARN_QUOTED_INCLUDE_IN_FRAMEWORK_HEADER = YES;
				CLANG_WARN_RANGE_LOOP_ANALYSIS = YES;
				CLANG_WARN_STRICT_PROTOTYPES = YES;
				CLANG_WARN_SUSPICIOUS_MOVE = YES;
				CLANG_WARN_UNGUARDED_AVAILABILITY = YES_AGGRESSIVE;
				CLANG_WARN_UNREACHABLE_CODE = YES;
				CLANG_WARN__DUPLICATE_METHOD_MATCH = YES;
				COPY_PHASE_STRIP = NO;
				DEBUG_INFORMATION_FORMAT = dwarf;
				ENABLE_STRICT_OBJC_MSGSEND = YES;
				ENABLE_TESTABILITY = YES;
				GCC_C_LANGUAGE_STANDARD = gnu11;
				GCC_DYNAMIC_NO_PIC = NO;
				GCC_NO_COMMON_BLOCKS = YES;
				GCC_OPTIMIZATION_LEVEL = 0;
				GCC_PREPROCESSOR_DEFINITIONS = (
					"DEBUG=1",
					"$(inherited)",
				);
				GCC_WARN_64_TO_32_BIT_CONVERSION = YES;
				GCC_WARN_ABOUT_RETURN_TYPE = YES_ERROR;
				GCC_WARN_UNDECLARED_SELECTOR = YES;
				GCC_WARN_UNINITIALIZED_AUTOS = YES_AGGRESSIVE;
				GCC_WARN_UNUSED_FUNCTION = YES;
				GCC_WARN_UNUSED_VARIABLE = YES;
				IPHONEOS_DEPLOYMENT_TARGET = 15.4;
				MTL_ENABLE_DEBUG_INFO = INCLUDE_SOURCE;
				MTL_FAST_MATH = YES;
				ONLY_ACTIVE_ARCH = YES;
				SDKROOT = iphoneos;
				SWIFT_ACTIVE_COMPILATION_CONDITIONS = DEBUG;
				SWIFT_OPTIMIZATION_LEVEL = "-Onone";
			};
			name = Debug;
		};
		2BA55E0B2815C78900A0A451 /* Release */ = {
			isa = XCBuildConfiguration;
			buildSettings = {
				ALWAYS_SEARCH_USER_PATHS = NO;
				CLANG_ANALYZER_NONNULL = YES;
				CLANG_ANALYZER_NUMBER_OBJECT_CONVERSION = YES_AGGRESSIVE;
				CLANG_CXX_LANGUAGE_STANDARD = "gnu++17";
				CLANG_ENABLE_MODULES = YES;
				CLANG_ENABLE_OBJC_ARC = YES;
				CLANG_ENABLE_OBJC_WEAK = YES;
				CLANG_WARN_BLOCK_CAPTURE_AUTORELEASING = YES;
				CLANG_WARN_BOOL_CONVERSION = YES;
				CLANG_WARN_COMMA = YES;
				CLANG_WARN_CONSTANT_CONVERSION = YES;
				CLANG_WARN_DEPRECATED_OBJC_IMPLEMENTATIONS = YES;
				CLANG_WARN_DIRECT_OBJC_ISA_USAGE = YES_ERROR;
				CLANG_WARN_DOCUMENTATION_COMMENTS = YES;
				CLANG_WARN_EMPTY_BODY = YES;
				CLANG_WARN_ENUM_CONVERSION = YES;
				CLANG_WARN_INFINITE_RECURSION = YES;
				CLANG_WARN_INT_CONVERSION = YES;
				CLANG_WARN_NON_LITERAL_NULL_CONVERSION = YES;
				CLANG_WARN_OBJC_IMPLICIT_RETAIN_SELF = YES;
				CLANG_WARN_OBJC_LITERAL_CONVERSION = YES;
				CLANG_WARN_OBJC_ROOT_CLASS = YES_ERROR;
				CLANG_WARN_QUOTED_INCLUDE_IN_FRAMEWORK_HEADER = YES;
				CLANG_WARN_RANGE_LOOP_ANALYSIS = YES;
				CLANG_WARN_STRICT_PROTOTYPES = YES;
				CLANG_WARN_SUSPICIOUS_MOVE = YES;
				CLANG_WARN_UNGUARDED_AVAILABILITY = YES_AGGRESSIVE;
				CLANG_WARN_UNREACHABLE_CODE = YES;
				CLANG_WARN__DUPLICATE_METHOD_MATCH = YES;
				COPY_PHASE_STRIP = NO;
				DEBUG_INFORMATION_FORMAT = "dwarf-with-dsym";
				ENABLE_NS_ASSERTIONS = NO;
				ENABLE_STRICT_OBJC_MSGSEND = YES;
				GCC_C_LANGUAGE_STANDARD = gnu11;
				GCC_NO_COMMON_BLOCKS = YES;
				GCC_WARN_64_TO_32_BIT_CONVERSION = YES;
				GCC_WARN_ABOUT_RETURN_TYPE = YES_ERROR;
				GCC_WARN_UNDECLARED_SELECTOR = YES;
				GCC_WARN_UNINITIALIZED_AUTOS = YES_AGGRESSIVE;
				GCC_WARN_UNUSED_FUNCTION = YES;
				GCC_WARN_UNUSED_VARIABLE = YES;
				IPHONEOS_DEPLOYMENT_TARGET = 15.4;
				MTL_ENABLE_DEBUG_INFO = NO;
				MTL_FAST_MATH = YES;
				SDKROOT = iphoneos;
				SWIFT_COMPILATION_MODE = wholemodule;
				SWIFT_OPTIMIZATION_LEVEL = "-O";
				VALIDATE_PRODUCT = YES;
			};
			name = Release;
		};
		2BA55E0D2815C78900A0A451 /* Debug */ = {
			isa = XCBuildConfiguration;
			buildSettings = {
				ASSETCATALOG_COMPILER_APPICON_NAME = AppIcon;
				ASSETCATALOG_COMPILER_GLOBAL_ACCENT_COLOR_NAME = AccentColor;
				CODE_SIGN_STYLE = Automatic;
				CURRENT_PROJECT_VERSION = 1;
				DEVELOPMENT_ASSET_PATHS = "\"SwiftUIColorizedApp/Preview Content\"";
				DEVELOPMENT_TEAM = 475RUK8D4A;
				ENABLE_PREVIEWS = YES;
				GENERATE_INFOPLIST_FILE = YES;
				INFOPLIST_KEY_UIApplicationSceneManifest_Generation = YES;
				INFOPLIST_KEY_UIApplicationSupportsIndirectInputEvents = YES;
				INFOPLIST_KEY_UILaunchScreen_Generation = YES;
				INFOPLIST_KEY_UISupportedInterfaceOrientations_iPad = "UIInterfaceOrientationPortrait UIInterfaceOrientationPortraitUpsideDown UIInterfaceOrientationLandscapeLeft UIInterfaceOrientationLandscapeRight";
				INFOPLIST_KEY_UISupportedInterfaceOrientations_iPhone = "UIInterfaceOrientationPortrait UIInterfaceOrientationLandscapeLeft UIInterfaceOrientationLandscapeRight";
				IPHONEOS_DEPLOYMENT_TARGET = 15.0;
				LD_RUNPATH_SEARCH_PATHS = (
					"$(inherited)",
					"@executable_path/Frameworks",
				);
				MARKETING_VERSION = 1.0;
				PRODUCT_BUNDLE_IDENTIFIER = Skvortsov.SwiftUIColorizedApp;
				PRODUCT_NAME = "$(TARGET_NAME)";
				SWIFT_EMIT_LOC_STRINGS = YES;
				SWIFT_VERSION = 5.0;
				TARGETED_DEVICE_FAMILY = 1;
			};
			name = Debug;
		};
		2BA55E0E2815C78900A0A451 /* Release */ = {
			isa = XCBuildConfiguration;
			buildSettings = {
				ASSETCATALOG_COMPILER_APPICON_NAME = AppIcon;
				ASSETCATALOG_COMPILER_GLOBAL_ACCENT_COLOR_NAME = AccentColor;
				CODE_SIGN_STYLE = Automatic;
				CURRENT_PROJECT_VERSION = 1;
				DEVELOPMENT_ASSET_PATHS = "\"SwiftUIColorizedApp/Preview Content\"";
				DEVELOPMENT_TEAM = 475RUK8D4A;
				ENABLE_PREVIEWS = YES;
				GENERATE_INFOPLIST_FILE = YES;
				INFOPLIST_KEY_UIApplicationSceneManifest_Generation = YES;
				INFOPLIST_KEY_UIApplicationSupportsIndirectInputEvents = YES;
				INFOPLIST_KEY_UILaunchScreen_Generation = YES;
				INFOPLIST_KEY_UISupportedInterfaceOrientations_iPad = "UIInterfaceOrientationPortrait UIInterfaceOrientationPortraitUpsideDown UIInterfaceOrientationLandscapeLeft UIInterfaceOrientationLandscapeRight";
				INFOPLIST_KEY_UISupportedInterfaceOrientations_iPhone = "UIInterfaceOrientationPortrait UIInterfaceOrientationLandscapeLeft UIInterfaceOrientationLandscapeRight";
				IPHONEOS_DEPLOYMENT_TARGET = 15.0;
				LD_RUNPATH_SEARCH_PATHS = (
					"$(inherited)",
					"@executable_path/Frameworks",
				);
				MARKETING_VERSION = 1.0;
				PRODUCT_BUNDLE_IDENTIFIER = Skvortsov.SwiftUIColorizedApp;
				PRODUCT_NAME = "$(TARGET_NAME)";
				SWIFT_EMIT_LOC_STRINGS = YES;
				SWIFT_VERSION = 5.0;
				TARGETED_DEVICE_FAMILY = 1;
			};
			name = Release;
		};
/* End XCBuildConfiguration section */

/* Begin XCConfigurationList section */
		2BA55DF92815C78700A0A451 /* Build configuration list for PBXProject "SwiftUIColorizedApp" */ = {
			isa = XCConfigurationList;
			buildConfigurations = (
				2BA55E0A2815C78900A0A451 /* Debug */,
				2BA55E0B2815C78900A0A451 /* Release */,
			);
			defaultConfigurationIsVisible = 0;
			defaultConfigurationName = Release;
		};
		2BA55E0C2815C78900A0A451 /* Build configuration list for PBXNativeTarget "SwiftUIColorizedApp" */ = {
			isa = XCConfigurationList;
			buildConfigurations = (
				2BA55E0D2815C78900A0A451 /* Debug */,
				2BA55E0E2815C78900A0A451 /* Release */,
			);
			defaultConfigurationIsVisible = 0;
			defaultConfigurationName = Release;
		};
/* End XCConfigurationList section */
	};
	rootObject = 2BA55DF62815C78700A0A451 /* Project object */;
}
